version = 1
revision = 3
requires-python = ">=3.13"

[[package]]
name = "anyio"
version = "4.11.0"
source = { registry = "https://pypi.org/simple" }
dependencies = [
    { name = "idna" },
    { name = "sniffio" },
]
sdist = { url = "https://files.pythonhosted.org/packages/c6/78/7d432127c41b50bccba979505f272c16cbcadcc33645d5fa3a738110ae75/anyio-4.11.0.tar.gz", hash = "sha256:82a8d0b81e318cc5ce71a5f1f8b5c4e63619620b63141ef8c995fa0db95a57c4", size = 219094, upload-time = "2025-09-23T09:19:12.58Z" }
wheels = [
    { url = "https://files.pythonhosted.org/packages/15/b3/9b1a8074496371342ec1e796a96f99c82c945a339cd81a8e73de28b4cf9e/anyio-4.11.0-py3-none-any.whl", hash = "sha256:0287e96f4d26d4149305414d4e3bc32f0dcd0862365a4bddea19d7a1ec38c4fc", size = 109097, upload-time = "2025-09-23T09:19:10.601Z" },
]

[[package]]
name = "certifi"
version = "2025.8.3"
source = { registry = "https://pypi.org/simple" }
sdist = { url = "https://files.pythonhosted.org/packages/dc/67/960ebe6bf230a96cda2e0abcf73af550ec4f090005363542f0765df162e0/certifi-2025.8.3.tar.gz", hash = "sha256:e564105f78ded564e3ae7c923924435e1daa7463faeab5bb932bc53ffae63407", size = 162386, upload-time = "2025-08-03T03:07:47.08Z" }
wheels = [
    { url = "https://files.pythonhosted.org/packages/e5/48/1549795ba7742c948d2ad169c1c8cdbae65bc450d6cd753d124b17c8cd32/certifi-2025.8.3-py3-none-any.whl", hash = "sha256:f6c12493cfb1b06ba2ff328595af9350c65d6644968e5d3a2ffd78699af217a5", size = 161216, upload-time = "2025-08-03T03:07:45.777Z" },
]

[[package]]
name = "colorama"
version = "0.4.6"
source = { registry = "https://pypi.org/simple" }
sdist = { url = "https://files.pythonhosted.org/packages/d8/53/6f443c9a4a8358a93a6792e2acffb9d9d5cb0a5cfd8802644b7b1c9a02e4/colorama-0.4.6.tar.gz", hash = "sha256:08695f5cb7ed6e0531a20572697297273c47b8cae5a63ffc6d6ed5c201be6e44", size = 27697, upload-time = "2022-10-25T02:36:22.414Z" }
wheels = [
    { url = "https://files.pythonhosted.org/packages/d1/d6/3965ed04c63042e047cb6a3e6ed1a63a35087b6a609aa3a15ed8ac56c221/colorama-0.4.6-py2.py3-none-any.whl", hash = "sha256:4f1d9991f5acc0ca119f9d443620b77f9d6b33703e51011c16baf57afb285fc6", size = 25335, upload-time = "2022-10-25T02:36:20.889Z" },
]

[[package]]
name = "h11"
version = "0.16.0"
source = { registry = "https://pypi.org/simple" }
sdist = { url = "https://files.pythonhosted.org/packages/01/ee/02a2c011bdab74c6fb3c75474d40b3052059d95df7e73351460c8588d963/h11-0.16.0.tar.gz", hash = "sha256:4e35b956cf45792e4caa5885e69fba00bdbc6ffafbfa020300e549b208ee5ff1", size = 101250, upload-time = "2025-04-24T03:35:25.427Z" }
wheels = [
    { url = "https://files.pythonhosted.org/packages/04/4b/29cac41a4d98d144bf5f6d33995617b185d14b22401f75ca86f384e87ff1/h11-0.16.0-py3-none-any.whl", hash = "sha256:63cf8bbe7522de3bf65932fda1d9c2772064ffb3dae62d55932da54b31cb6c86", size = 37515, upload-time = "2025-04-24T03:35:24.344Z" },
]

[[package]]
name = "httpcore"
version = "1.0.9"
source = { registry = "https://pypi.org/simple" }
dependencies = [
    { name = "certifi" },
    { name = "h11" },
]
sdist = { url = "https://files.pythonhosted.org/packages/06/94/82699a10bca87a5556c9c59b5963f2d039dbd239f25bc2a63907a05a14cb/httpcore-1.0.9.tar.gz", hash = "sha256:6e34463af53fd2ab5d807f399a9b45ea31c3dfa2276f15a2c3f00afff6e176e8", size = 85484, upload-time = "2025-04-24T22:06:22.219Z" }
wheels = [
    { url = "https://files.pythonhosted.org/packages/7e/f5/f66802a942d491edb555dd61e3a9961140fd64c90bce1eafd741609d334d/httpcore-1.0.9-py3-none-any.whl", hash = "sha256:2d400746a40668fc9dec9810239072b40b4484b640a8c38fd654a024c7a1bf55", size = 78784, upload-time = "2025-04-24T22:06:20.566Z" },
]

[[package]]
name = "httpx"
version = "0.28.1"
source = { registry = "https://pypi.org/simple" }
dependencies = [
    { name = "anyio" },
    { name = "certifi" },
    { name = "httpcore" },
    { name = "idna" },
]
sdist = { url = "https://files.pythonhosted.org/packages/b1/df/48c586a5fe32a0f01324ee087459e112ebb7224f646c0b5023f5e79e9956/httpx-0.28.1.tar.gz", hash = "sha256:75e98c5f16b0f35b567856f597f06ff2270a374470a5c2392242528e3e3e42fc", size = 141406, upload-time = "2024-12-06T15:37:23.222Z" }
wheels = [
    { url = "https://files.pythonhosted.org/packages/2a/39/e50c7c3a983047577ee07d2a9e53faf5a69493943ec3f6a384bdc792deb2/httpx-0.28.1-py3-none-any.whl", hash = "sha256:d909fcccc110f8c7faf814ca82a9a4d816bc5a6dbfea25d6591d6985b8ba59ad", size = 73517, upload-time = "2024-12-06T15:37:21.509Z" },
]

[[package]]
name = "idna"
version = "3.10"
source = { registry = "https://pypi.org/simple" }
sdist = { url = "https://files.pythonhosted.org/packages/f1/70/7703c29685631f5a7590aa73f1f1d3fa9a380e654b86af429e0934a32f7d/idna-3.10.tar.gz", hash = "sha256:12f65c9b470abda6dc35cf8e63cc574b1c52b11df2c86030af0ac09b01b13ea9", size = 190490, upload-time = "2024-09-15T18:07:39.745Z" }
wheels = [
    { url = "https://files.pythonhosted.org/packages/76/c6/c88e154df9c4e1a2a66ccf0005a88dfb2650c1dffb6f5ce603dfbd452ce3/idna-3.10-py3-none-any.whl", hash = "sha256:946d195a0d259cbba61165e88e65941f16e9b36ea6ddb97f00452bae8b1287d3", size = 70442, upload-time = "2024-09-15T18:07:37.964Z" },
]

[[package]]
name = "orjson"
version = "3.11.3"
source = { registry = "https://pypi.org/simple" }
sdist = { url = "https://files.pythonhosted.org/packages/be/4d/8df5f83256a809c22c4d6792ce8d43bb503be0fb7a8e4da9025754b09658/orjson-3.11.3.tar.gz", hash = "sha256:1c0603b1d2ffcd43a411d64797a19556ef76958aef1c182f22dc30860152a98a", size = 5482394, upload-time = "2025-08-26T17:46:43.171Z" }
wheels = [
    { url = "https://files.pythonhosted.org/packages/fc/79/8932b27293ad35919571f77cb3693b5906cf14f206ef17546052a241fdf6/orjson-3.11.3-cp313-cp313-macosx_10_15_x86_64.macosx_11_0_arm64.macosx_10_15_universal2.whl", hash = "sha256:af40c6612fd2a4b00de648aa26d18186cd1322330bd3a3cc52f87c699e995810", size = 238127, upload-time = "2025-08-26T17:45:38.146Z" },
    { url = "https://files.pythonhosted.org/packages/1c/82/cb93cd8cf132cd7643b30b6c5a56a26c4e780c7a145db6f83de977b540ce/orjson-3.11.3-cp313-cp313-macosx_15_0_arm64.whl", hash = "sha256:9f1587f26c235894c09e8b5b7636a38091a9e6e7fe4531937534749c04face43", size = 127494, upload-time = "2025-08-26T17:45:39.57Z" },
    { url = "https://files.pythonhosted.org/packages/a4/b8/2d9eb181a9b6bb71463a78882bcac1027fd29cf62c38a40cc02fc11d3495/orjson-3.11.3-cp313-cp313-manylinux_2_17_aarch64.manylinux2014_aarch64.whl", hash = "sha256:61dcdad16da5bb486d7227a37a2e789c429397793a6955227cedbd7252eb5a27", size = 123017, upload-time = "2025-08-26T17:45:40.876Z" },
    { url = "https://files.pythonhosted.org/packages/b4/14/a0e971e72d03b509190232356d54c0f34507a05050bd026b8db2bf2c192c/orjson-3.11.3-cp313-cp313-manylinux_2_17_armv7l.manylinux2014_armv7l.whl", hash = "sha256:11c6d71478e2cbea0a709e8a06365fa63da81da6498a53e4c4f065881d21ae8f", size = 127898, upload-time = "2025-08-26T17:45:42.188Z" },
    { url = "https://files.pythonhosted.org/packages/8e/af/dc74536722b03d65e17042cc30ae586161093e5b1f29bccda24765a6ae47/orjson-3.11.3-cp313-cp313-manylinux_2_17_i686.manylinux2014_i686.whl", hash = "sha256:ff94112e0098470b665cb0ed06efb187154b63649403b8d5e9aedeb482b4548c", size = 130742, upload-time = "2025-08-26T17:45:43.511Z" },
    { url = "https://files.pythonhosted.org/packages/62/e6/7a3b63b6677bce089fe939353cda24a7679825c43a24e49f757805fc0d8a/orjson-3.11.3-cp313-cp313-manylinux_2_17_ppc64le.manylinux2014_ppc64le.whl", hash = "sha256:ae8b756575aaa2a855a75192f356bbda11a89169830e1439cfb1a3e1a6dde7be", size = 132377, upload-time = "2025-08-26T17:45:45.525Z" },
    { url = "https://files.pythonhosted.org/packages/fc/cd/ce2ab93e2e7eaf518f0fd15e3068b8c43216c8a44ed82ac2b79ce5cef72d/orjson-3.11.3-cp313-cp313-manylinux_2_17_s390x.manylinux2014_s390x.whl", hash = "sha256:c9416cc19a349c167ef76135b2fe40d03cea93680428efee8771f3e9fb66079d", size = 135313, upload-time = "2025-08-26T17:45:46.821Z" },
    { url = "https://files.pythonhosted.org/packages/d0/b4/f98355eff0bd1a38454209bbc73372ce351ba29933cb3e2eba16c04b9448/orjson-3.11.3-cp313-cp313-manylinux_2_17_x86_64.manylinux2014_x86_64.whl", hash = "sha256:b822caf5b9752bc6f246eb08124c3d12bf2175b66ab74bac2ef3bbf9221ce1b2", size = 132908, upload-time = "2025-08-26T17:45:48.126Z" },
    { url = "https://files.pythonhosted.org/packages/eb/92/8f5182d7bc2a1bed46ed960b61a39af8389f0ad476120cd99e67182bfb6d/orjson-3.11.3-cp313-cp313-musllinux_1_2_aarch64.whl", hash = "sha256:414f71e3bdd5573893bf5ecdf35c32b213ed20aa15536fe2f588f946c318824f", size = 130905, upload-time = "2025-08-26T17:45:49.414Z" },
    { url = "https://files.pythonhosted.org/packages/1a/60/c41ca753ce9ffe3d0f67b9b4c093bdd6e5fdb1bc53064f992f66bb99954d/orjson-3.11.3-cp313-cp313-musllinux_1_2_armv7l.whl", hash = "sha256:828e3149ad8815dc14468f36ab2a4b819237c155ee1370341b91ea4c8672d2ee", size = 403812, upload-time = "2025-08-26T17:45:51.085Z" },
    { url = "https://files.pythonhosted.org/packages/dd/13/e4a4f16d71ce1868860db59092e78782c67082a8f1dc06a3788aef2b41bc/orjson-3.11.3-cp313-cp313-musllinux_1_2_i686.whl", hash = "sha256:ac9e05f25627ffc714c21f8dfe3a579445a5c392a9c8ae7ba1d0e9fb5333f56e", size = 146277, upload-time = "2025-08-26T17:45:52.851Z" },
    { url = "https://files.pythonhosted.org/packages/8d/8b/bafb7f0afef9344754a3a0597a12442f1b85a048b82108ef2c956f53babd/orjson-3.11.3-cp313-cp313-musllinux_1_2_x86_64.whl", hash = "sha256:e44fbe4000bd321d9f3b648ae46e0196d21577cf66ae684a96ff90b1f7c93633", size = 135418, upload-time = "2025-08-26T17:45:54.806Z" },
    { url = "https://files.pythonhosted.org/packages/60/d4/bae8e4f26afb2c23bea69d2f6d566132584d1c3a5fe89ee8c17b718cab67/orjson-3.11.3-cp313-cp313-win32.whl", hash = "sha256:2039b7847ba3eec1f5886e75e6763a16e18c68a63efc4b029ddf994821e2e66b", size = 136216, upload-time = "2025-08-26T17:45:57.182Z" },
    { url = "https://files.pythonhosted.org/packages/88/76/224985d9f127e121c8cad882cea55f0ebe39f97925de040b75ccd4b33999/orjson-3.11.3-cp313-cp313-win_amd64.whl", hash = "sha256:29be5ac4164aa8bdcba5fa0700a3c9c316b411d8ed9d39ef8a882541bd452fae", size = 131362, upload-time = "2025-08-26T17:45:58.56Z" },
    { url = "https://files.pythonhosted.org/packages/e2/cf/0dce7a0be94bd36d1346be5067ed65ded6adb795fdbe3abd234c8d576d01/orjson-3.11.3-cp313-cp313-win_arm64.whl", hash = "sha256:18bd1435cb1f2857ceb59cfb7de6f92593ef7b831ccd1b9bfb28ca530e539dce", size = 125989, upload-time = "2025-08-26T17:45:59.95Z" },
    { url = "https://files.pythonhosted.org/packages/ef/77/d3b1fef1fc6aaeed4cbf3be2b480114035f4df8fa1a99d2dac1d40d6e924/orjson-3.11.3-cp314-cp314-macosx_10_15_x86_64.macosx_11_0_arm64.macosx_10_15_universal2.whl", hash = "sha256:cf4b81227ec86935568c7edd78352a92e97af8da7bd70bdfdaa0d2e0011a1ab4", size = 238115, upload-time = "2025-08-26T17:46:01.669Z" },
    { url = "https://files.pythonhosted.org/packages/e4/6d/468d21d49bb12f900052edcfbf52c292022d0a323d7828dc6376e6319703/orjson-3.11.3-cp314-cp314-macosx_15_0_arm64.whl", hash = "sha256:bc8bc85b81b6ac9fc4dae393a8c159b817f4c2c9dee5d12b773bddb3b95fc07e", size = 127493, upload-time = "2025-08-26T17:46:03.466Z" },
    { url = "https://files.pythonhosted.org/packages/67/46/1e2588700d354aacdf9e12cc2d98131fb8ac6f31ca65997bef3863edb8ff/orjson-3.11.3-cp314-cp314-manylinux_2_34_aarch64.whl", hash = "sha256:88dcfc514cfd1b0de038443c7b3e6a9797ffb1b3674ef1fd14f701a13397f82d", size = 122998, upload-time = "2025-08-26T17:46:04.803Z" },
    { url = "https://files.pythonhosted.org/packages/3b/94/11137c9b6adb3779f1b34fd98be51608a14b430dbc02c6d41134fbba484c/orjson-3.11.3-cp314-cp314-manylinux_2_34_x86_64.whl", hash = "sha256:d61cd543d69715d5fc0a690c7c6f8dcc307bc23abef9738957981885f5f38229", size = 132915, upload-time = "2025-08-26T17:46:06.237Z" },
    { url = "https://files.pythonhosted.org/packages/10/61/dccedcf9e9bcaac09fdabe9eaee0311ca92115699500efbd31950d878833/orjson-3.11.3-cp314-cp314-musllinux_1_2_aarch64.whl", hash = "sha256:2b7b153ed90ababadbef5c3eb39549f9476890d339cf47af563aea7e07db2451", size = 130907, upload-time = "2025-08-26T17:46:07.581Z" },
    { url = "https://files.pythonhosted.org/packages/0e/fd/0e935539aa7b08b3ca0f817d73034f7eb506792aae5ecc3b7c6e679cdf5f/orjson-3.11.3-cp314-cp314-musllinux_1_2_armv7l.whl", hash = "sha256:7909ae2460f5f494fecbcd10613beafe40381fd0316e35d6acb5f3a05bfda167", size = 403852, upload-time = "2025-08-26T17:46:08.982Z" },
    { url = "https://files.pythonhosted.org/packages/4a/2b/50ae1a5505cd1043379132fdb2adb8a05f37b3e1ebffe94a5073321966fd/orjson-3.11.3-cp314-cp314-musllinux_1_2_i686.whl", hash = "sha256:2030c01cbf77bc67bee7eef1e7e31ecf28649353987775e3583062c752da0077", size = 146309, upload-time = "2025-08-26T17:46:10.576Z" },
    { url = "https://files.pythonhosted.org/packages/cd/1d/a473c158e380ef6f32753b5f39a69028b25ec5be331c2049a2201bde2e19/orjson-3.11.3-cp314-cp314-musllinux_1_2_x86_64.whl", hash = "sha256:a0169ebd1cbd94b26c7a7ad282cf5c2744fce054133f959e02eb5265deae1872", size = 135424, upload-time = "2025-08-26T17:46:12.386Z" },
    { url = "https://files.pythonhosted.org/packages/da/09/17d9d2b60592890ff7382e591aa1d9afb202a266b180c3d4049b1ec70e4a/orjson-3.11.3-cp314-cp314-win32.whl", hash = "sha256:0c6d7328c200c349e3a4c6d8c83e0a5ad029bdc2d417f234152bf34842d0fc8d", size = 136266, upload-time = "2025-08-26T17:46:13.853Z" },
    { url = "https://files.pythonhosted.org/packages/15/58/358f6846410a6b4958b74734727e582ed971e13d335d6c7ce3e47730493e/orjson-3.11.3-cp314-cp314-win_amd64.whl", hash = "sha256:317bbe2c069bbc757b1a2e4105b64aacd3bc78279b66a6b9e51e846e4809f804", size = 131351, upload-time = "2025-08-26T17:46:15.27Z" },
    { url = "https://files.pythonhosted.org/packages/28/01/d6b274a0635be0468d4dbd9cafe80c47105937a0d42434e805e67cd2ed8b/orjson-3.11.3-cp314-cp314-win_arm64.whl", hash = "sha256:e8f6a7a27d7b7bec81bd5924163e9af03d49bbb63013f107b48eb5d16db711bc", size = 125985, upload-time = "2025-08-26T17:46:16.67Z" },
]

[[package]]
name = "ruff"
version = "0.13.2"
source = { registry = "https://pypi.org/simple" }
sdist = { url = "https://files.pythonhosted.org/packages/02/df/8d7d8c515d33adfc540e2edf6c6021ea1c5a58a678d8cfce9fae59aabcab/ruff-0.13.2.tar.gz", hash = "sha256:cb12fffd32fb16d32cef4ed16d8c7cdc27ed7c944eaa98d99d01ab7ab0b710ff", size = 5416417, upload-time = "2025-09-25T14:54:09.936Z" }
wheels = [
    { url = "https://files.pythonhosted.org/packages/6e/84/5716a7fa4758e41bf70e603e13637c42cfb9dbf7ceb07180211b9bbf75ef/ruff-0.13.2-py3-none-linux_armv6l.whl", hash = "sha256:3796345842b55f033a78285e4f1641078f902020d8450cade03aad01bffd81c3", size = 12343254, upload-time = "2025-09-25T14:53:27.784Z" },
    { url = "https://files.pythonhosted.org/packages/9b/77/c7042582401bb9ac8eff25360e9335e901d7a1c0749a2b28ba4ecb239991/ruff-0.13.2-py3-none-macosx_10_12_x86_64.whl", hash = "sha256:ff7e4dda12e683e9709ac89e2dd436abf31a4d8a8fc3d89656231ed808e231d2", size = 13040891, upload-time = "2025-09-25T14:53:31.38Z" },
    { url = "https://files.pythonhosted.org/packages/c6/15/125a7f76eb295cb34d19c6778e3a82ace33730ad4e6f28d3427e134a02e0/ruff-0.13.2-py3-none-macosx_11_0_arm64.whl", hash = "sha256:c75e9d2a2fafd1fdd895d0e7e24b44355984affdde1c412a6f6d3f6e16b22d46", size = 12243588, upload-time = "2025-09-25T14:53:33.543Z" },
    { url = "https://files.pythonhosted.org/packages/9e/eb/0093ae04a70f81f8be7fd7ed6456e926b65d238fc122311293d033fdf91e/ruff-0.13.2-py3-none-manylinux_2_17_aarch64.manylinux2014_aarch64.whl", hash = "sha256:cceac74e7bbc53ed7d15d1042ffe7b6577bf294611ad90393bf9b2a0f0ec7cb6", size = 12491359, upload-time = "2025-09-25T14:53:35.892Z" },
    { url = "https://files.pythonhosted.org/packages/43/fe/72b525948a6956f07dad4a6f122336b6a05f2e3fd27471cea612349fedb9/ruff-0.13.2-py3-none-manylinux_2_17_armv7l.manylinux2014_armv7l.whl", hash = "sha256:6ae3f469b5465ba6d9721383ae9d49310c19b452a161b57507764d7ef15f4b07", size = 12162486, upload-time = "2025-09-25T14:53:38.171Z" },
    { url = "https://files.pythonhosted.org/packages/6a/e3/0fac422bbbfb2ea838023e0d9fcf1f30183d83ab2482800e2cb892d02dfe/ruff-0.13.2-py3-none-manylinux_2_17_i686.manylinux2014_i686.whl", hash = "sha256:4f8f9e3cd6714358238cd6626b9d43026ed19c0c018376ac1ef3c3a04ffb42d8", size = 13871203, upload-time = "2025-09-25T14:53:41.943Z" },
    { url = "https://files.pythonhosted.org/packages/6b/82/b721c8e3ec5df6d83ba0e45dcf00892c4f98b325256c42c38ef136496cbf/ruff-0.13.2-py3-none-manylinux_2_17_ppc64.manylinux2014_ppc64.whl", hash = "sha256:c6ed79584a8f6cbe2e5d7dbacf7cc1ee29cbdb5df1172e77fbdadc8bb85a1f89", size = 14929635, upload-time = "2025-09-25T14:53:43.953Z" },
    { url = "https://files.pythonhosted.org/packages/c4/a0/ad56faf6daa507b83079a1ad7a11694b87d61e6bf01c66bd82b466f21821/ruff-0.13.2-py3-none-manylinux_2_17_ppc64le.manylinux2014_ppc64le.whl", hash = "sha256:aed130b2fde049cea2019f55deb939103123cdd191105f97a0599a3e753d61b0", size = 14338783, upload-time = "2025-09-25T14:53:46.205Z" },
    { url = "https://files.pythonhosted.org/packages/47/77/ad1d9156db8f99cd01ee7e29d74b34050e8075a8438e589121fcd25c4b08/ruff-0.13.2-py3-none-manylinux_2_17_s390x.manylinux2014_s390x.whl", hash = "sha256:1887c230c2c9d65ed1b4e4cfe4d255577ea28b718ae226c348ae68df958191aa", size = 13355322, upload-time = "2025-09-25T14:53:48.164Z" },
    { url = "https://files.pythonhosted.org/packages/64/8b/e87cfca2be6f8b9f41f0bb12dc48c6455e2d66df46fe61bb441a226f1089/ruff-0.13.2-py3-none-manylinux_2_17_x86_64.manylinux2014_x86_64.whl", hash = "sha256:5bcb10276b69b3cfea3a102ca119ffe5c6ba3901e20e60cf9efb53fa417633c3", size = 13354427, upload-time = "2025-09-25T14:53:50.486Z" },
    { url = "https://files.pythonhosted.org/packages/7f/df/bf382f3fbead082a575edb860897287f42b1b3c694bafa16bc9904c11ed3/ruff-0.13.2-py3-none-manylinux_2_31_riscv64.whl", hash = "sha256:afa721017aa55a555b2ff7944816587f1cb813c2c0a882d158f59b832da1660d", size = 13537637, upload-time = "2025-09-25T14:53:52.887Z" },
    { url = "https://files.pythonhosted.org/packages/51/70/1fb7a7c8a6fc8bd15636288a46e209e81913b87988f26e1913d0851e54f4/ruff-0.13.2-py3-none-musllinux_1_2_aarch64.whl", hash = "sha256:1dbc875cf3720c64b3990fef8939334e74cb0ca65b8dbc61d1f439201a38101b", size = 12340025, upload-time = "2025-09-25T14:53:54.88Z" },
    { url = "https://files.pythonhosted.org/packages/4c/27/1e5b3f1c23ca5dd4106d9d580e5c13d9acb70288bff614b3d7b638378cc9/ruff-0.13.2-py3-none-musllinux_1_2_armv7l.whl", hash = "sha256:5b939a1b2a960e9742e9a347e5bbc9b3c3d2c716f86c6ae273d9cbd64f193f22", size = 12133449, upload-time = "2025-09-25T14:53:57.089Z" },
    { url = "https://files.pythonhosted.org/packages/2d/09/b92a5ccee289f11ab128df57d5911224197d8d55ef3bd2043534ff72ca54/ruff-0.13.2-py3-none-musllinux_1_2_i686.whl", hash = "sha256:50e2d52acb8de3804fc5f6e2fa3ae9bdc6812410a9e46837e673ad1f90a18736", size = 13051369, upload-time = "2025-09-25T14:53:59.124Z" },
    { url = "https://files.pythonhosted.org/packages/89/99/26c9d1c7d8150f45e346dc045cc49f23e961efceb4a70c47dea0960dea9a/ruff-0.13.2-py3-none-musllinux_1_2_x86_64.whl", hash = "sha256:3196bc13ab2110c176b9a4ae5ff7ab676faaa1964b330a1383ba20e1e19645f2", size = 13523644, upload-time = "2025-09-25T14:54:01.622Z" },
    { url = "https://files.pythonhosted.org/packages/f7/00/e7f1501e81e8ec290e79527827af1d88f541d8d26151751b46108978dade/ruff-0.13.2-py3-none-win32.whl", hash = "sha256:7c2a0b7c1e87795fec3404a485096bcd790216c7c146a922d121d8b9c8f1aaac", size = 12245990, upload-time = "2025-09-25T14:54:03.647Z" },
    { url = "https://files.pythonhosted.org/packages/ee/bd/d9f33a73de84fafd0146c6fba4f497c4565fe8fa8b46874b8e438869abc2/ruff-0.13.2-py3-none-win_amd64.whl", hash = "sha256:17d95fb32218357c89355f6f6f9a804133e404fc1f65694372e02a557edf8585", size = 13324004, upload-time = "2025-09-25T14:54:06.05Z" },
    { url = "https://files.pythonhosted.org/packages/c3/12/28fa2f597a605884deb0f65c1b1ae05111051b2a7030f5d8a4ff7f4599ba/ruff-0.13.2-py3-none-win_arm64.whl", hash = "sha256:da711b14c530412c827219312b7d7fbb4877fb31150083add7e8c5336549cea7", size = 12484437, upload-time = "2025-09-25T14:54:08.022Z" },
]

[[package]]
name = "sniffio"
version = "1.3.1"
source = { registry = "https://pypi.org/simple" }
sdist = { url = "https://files.pythonhosted.org/packages/a2/87/a6771e1546d97e7e041b6ae58d80074f81b7d5121207425c964ddf5cfdbd/sniffio-1.3.1.tar.gz", hash = "sha256:f4324edc670a0f49750a81b895f35c3adb843cca46f0530f79fc1babb23789dc", size = 20372, upload-time = "2024-02-25T23:20:04.057Z" }
wheels = [
    { url = "https://files.pythonhosted.org/packages/e9/44/75a9c9421471a6c4805dbf2356f7c181a29c1879239abab1ea2cc8f38b40/sniffio-1.3.1-py3-none-any.whl", hash = "sha256:2f6da418d1f1e0fddd844478f41680e794e6051915791a034ff65e5f100525a2", size = 10235, upload-time = "2024-02-25T23:20:01.196Z" },
]

[[package]]
name = "tomli-w"
version = "1.2.0"
source = { registry = "https://pypi.org/simple" }
sdist = { url = "https://files.pythonhosted.org/packages/19/75/241269d1da26b624c0d5e110e8149093c759b7a286138f4efd61a60e75fe/tomli_w-1.2.0.tar.gz", hash = "sha256:2dd14fac5a47c27be9cd4c976af5a12d87fb1f0b4512f81d69cce3b35ae25021", size = 7184, upload-time = "2025-01-15T12:07:24.262Z" }
wheels = [
    { url = "https://files.pythonhosted.org/packages/c7/18/c86eb8e0202e32dd3df50d43d7ff9854f8e0603945ff398974c1d91ac1ef/tomli_w-1.2.0-py3-none-any.whl", hash = "sha256:188306098d013b691fcadc011abd66727d3c414c571bb01b1a174ba8c983cf90", size = 6675, upload-time = "2025-01-15T12:07:22.074Z" },
]

[[package]]
name = "tqdm"
version = "4.67.1"
source = { registry = "https://pypi.org/simple" }
dependencies = [
    { name = "colorama", marker = "sys_platform == 'win32'" },
]
sdist = { url = "https://files.pythonhosted.org/packages/a8/4b/29b4ef32e036bb34e4ab51796dd745cdba7ed47ad142a9f4a1eb8e0c744d/tqdm-4.67.1.tar.gz", hash = "sha256:f8aef9c52c08c13a65f30ea34f4e5aac3fd1a34959879d7e59e63027286627f2", size = 169737, upload-time = "2024-11-24T20:12:22.481Z" }
wheels = [
    { url = "https://files.pythonhosted.org/packages/d0/30/dc54f88dd4a2b5dc8a0279bdd7270e735851848b762aeb1c1184ed1f6b14/tqdm-4.67.1-py3-none-any.whl", hash = "sha256:26445eca388f82e72884e0d580d5464cd801a3ea01e63e5601bdff9ba6a48de2", size = 78540, upload-time = "2024-11-24T20:12:19.698Z" },
]

[[package]]
name = "uv-ecosystem-testing"
version = "0.1.0"
source = { editable = "." }
dependencies = [
    { name = "httpx" },
    { name = "orjson" },
    { name = "tomli-w" },
    { name = "tqdm" },
]

[package.dev-dependencies]
dev = [
    { name = "ruff" },
]

[package.metadata]
requires-dist = [
    { name = "httpx", specifier = ">=0.28.1,<0.29.0" },
    { name = "orjson", specifier = ">=3.11.3,<4.0.0" },
    { name = "tomli-w", specifier = ">=1.2.0,<2.0.0" },
    { name = "tqdm", specifier = ">=4.67.1,<5.0.0" },
]

[package.metadata.requires-dev]
dev = [{ name = "ruff", specifier = ">=0.13.1,<0.14.0" }]
